
Microsoft Visual Studio Solution File, Format Version 12.00
# Visual Studio Version 17
VisualStudioVersion = 17.4.33403.182
MinimumVisualStudioVersion = 10.0.40219.1
Project("{FAE04EC0-301F-11D3-BF4B-00C04F79EFBC}") = "QuizArrays.Logic", "QuizArrays.Logic\QuizArrays.Logic.csproj", "{48ADCD29-B0D1-4741-97B7-CD3145FFF665}"
EndProject
Project("{FAE04EC0-301F-11D3-BF4B-00C04F79EFBC}") = "QuizArray.UI", "QuizArray.UI\QuizArray.UI.csproj", "{68D249B1-2C1F-449A-AE6D-BC2F48C024A6}"
EndProject
Global
	GlobalSection(SolutionConfigurationPlatforms) = preSolution
		Debug|Any CPU = Debug|Any CPU
		Release|Any CPU = Release|Any CPU
	EndGlobalSection
	GlobalSection(ProjectConfigurationPlatforms) = postSolution
		{48ADCD29-B0D1-4741-97B7-CD3145FFF665}.Debug|Any CPU.ActiveCfg = Debug|Any CPU
		{48ADCD29-B0D1-4741-97B7-CD3145FFF665}.Debug|Any CPU.Build.0 = Debug|Any CPU
		{48ADCD29-B0D1-4741-97B7-CD3145FFF665}.Release|Any CPU.ActiveCfg = Release|Any CPU
		{48ADCD29-B0D1-4741-97B7-CD3145FFF665}.Release|Any CPU.Build.0 = Release|Any CPU
		{68D249B1-2C1F-449A-AE6D-BC2F48C024A6}.Debug|Any CPU.ActiveCfg = Debug|Any CPU
		{68D249B1-2C1F-449A-AE6D-BC2F48C024A6}.Debug|Any CPU.Build.0 = Debug|Any CPU
		{68D249B1-2C1F-449A-AE6D-BC2F48C024A6}.Release|Any CPU.ActiveCfg = Release|Any CPU
		{68D249B1-2C1F-449A-AE6D-BC2F48C024A6}.Release|Any CPU.Build.0 = Release|Any CPU
	EndGlobalSection
	GlobalSection(SolutionProperties) = preSolution
		HideSolutionNode = FALSE
	EndGlobalSection
	GlobalSection(ExtensibilityGlobals) = postSolution
		SolutionGuid = {8B1A6209-33F1-4257-941E-435EC2D6784D}
	EndGlobalSection
EndGlobal
